
Microsoft Visual Studio Solution File, Format Version 12.00
# Visual Studio Version 17
VisualStudioVersion = 17.11.35327.3
MinimumVisualStudioVersion = 10.0.40219.1
Project("{FAE04EC0-301F-11D3-BF4B-00C04F79EFBC}") = "BLL", "BLL\BLL.csproj", "{69833D64-FC49-4A2D-A5FF-646F8645B70E}"
EndProject
Project("{FAE04EC0-301F-11D3-BF4B-00C04F79EFBC}") = "DAL", "DAL\DAL.csproj", "{EC49517D-8533-4476-8703-6EA2C1769B39}"
EndProject
Project("{FAE04EC0-301F-11D3-BF4B-00C04F79EFBC}") = "API", "API\API.csproj", "{B67FE690-5BBF-4827-AB96-171F96D49DBD}"
EndProject
Project("{FAE04EC0-301F-11D3-BF4B-00C04F79EFBC}") = "Core", "CORE\Core.csproj", "{DA92133A-1CFE-422C-8AE5-E46AB248808B}"
EndProject
Project("{FAE04EC0-301F-11D3-BF4B-00C04F79EFBC}") = "Views", "Views\Views.csproj", "{6CEAFECF-0C22-4B16-A251-179F2DFBD6C9}"
EndProject
Global
	GlobalSection(SolutionConfigurationPlatforms) = preSolution
		Debug|Any CPU = Debug|Any CPU
		Release|Any CPU = Release|Any CPU
	EndGlobalSection
	GlobalSection(ProjectConfigurationPlatforms) = postSolution
		{69833D64-FC49-4A2D-A5FF-646F8645B70E}.Debug|Any CPU.ActiveCfg = Debug|Any CPU
		{69833D64-FC49-4A2D-A5FF-646F8645B70E}.Debug|Any CPU.Build.0 = Debug|Any CPU
		{69833D64-FC49-4A2D-A5FF-646F8645B70E}.Release|Any CPU.ActiveCfg = Release|Any CPU
		{69833D64-FC49-4A2D-A5FF-646F8645B70E}.Release|Any CPU.Build.0 = Release|Any CPU
		{EC49517D-8533-4476-8703-6EA2C1769B39}.Debug|Any CPU.ActiveCfg = Debug|Any CPU
		{EC49517D-8533-4476-8703-6EA2C1769B39}.Debug|Any CPU.Build.0 = Debug|Any CPU
		{EC49517D-8533-4476-8703-6EA2C1769B39}.Release|Any CPU.ActiveCfg = Release|Any CPU
		{EC49517D-8533-4476-8703-6EA2C1769B39}.Release|Any CPU.Build.0 = Release|Any CPU
		{B67FE690-5BBF-4827-AB96-171F96D49DBD}.Debug|Any CPU.ActiveCfg = Debug|Any CPU
		{B67FE690-5BBF-4827-AB96-171F96D49DBD}.Debug|Any CPU.Build.0 = Debug|Any CPU
		{B67FE690-5BBF-4827-AB96-171F96D49DBD}.Release|Any CPU.ActiveCfg = Release|Any CPU
		{B67FE690-5BBF-4827-AB96-171F96D49DBD}.Release|Any CPU.Build.0 = Release|Any CPU
		{DA92133A-1CFE-422C-8AE5-E46AB248808B}.Debug|Any CPU.ActiveCfg = Debug|Any CPU
		{DA92133A-1CFE-422C-8AE5-E46AB248808B}.Debug|Any CPU.Build.0 = Debug|Any CPU
		{DA92133A-1CFE-422C-8AE5-E46AB248808B}.Release|Any CPU.ActiveCfg = Release|Any CPU
		{DA92133A-1CFE-422C-8AE5-E46AB248808B}.Release|Any CPU.Build.0 = Release|Any CPU
		{6CEAFECF-0C22-4B16-A251-179F2DFBD6C9}.Debug|Any CPU.ActiveCfg = Debug|Any CPU
		{6CEAFECF-0C22-4B16-A251-179F2DFBD6C9}.Debug|Any CPU.Build.0 = Debug|Any CPU
		{6CEAFECF-0C22-4B16-A251-179F2DFBD6C9}.Release|Any CPU.ActiveCfg = Release|Any CPU
		{6CEAFECF-0C22-4B16-A251-179F2DFBD6C9}.Release|Any CPU.Build.0 = Release|Any CPU
	EndGlobalSection
	GlobalSection(SolutionProperties) = preSolution
		HideSolutionNode = FALSE
	EndGlobalSection
	GlobalSection(ExtensibilityGlobals) = postSolution
		SolutionGuid = {5FCC2D85-404C-48CF-BF57-5903777BE254}
	EndGlobalSection
EndGlobal
